
Microsoft Visual Studio Solution File, Format Version 12.00
# Visual Studio Version 17
VisualStudioVersion = 17.14.36212.18 d17.14
MinimumVisualStudioVersion = 10.0.40219.1
Project("{FAE04EC0-301F-11D3-BF4B-00C04F79EFBC}") = "WaniKani.Cli", "WaniKani.Cli\WaniKani.Cli.csproj", "{4ED674C9-B2B7-4BF2-99B5-0F52C319A520}"
EndProject
Project("{FAE04EC0-301F-11D3-BF4B-00C04F79EFBC}") = "WaniKani.Cli.Tests", "WaniKani.Cli.Tests\WaniKani.Cli.Tests.csproj", "{C2E484EA-6CDD-47DC-92A9-2A908892C031}"
EndProject
Global
	GlobalSection(SolutionConfigurationPlatforms) = preSolution
		Debug|Any CPU = Debug|Any CPU
		Release|Any CPU = Release|Any CPU
	EndGlobalSection
	GlobalSection(ProjectConfigurationPlatforms) = postSolution
		{4ED674C9-B2B7-4BF2-99B5-0F52C319A520}.Debug|Any CPU.ActiveCfg = Debug|Any CPU
		{4ED674C9-B2B7-4BF2-99B5-0F52C319A520}.Debug|Any CPU.Build.0 = Debug|Any CPU
		{4ED674C9-B2B7-4BF2-99B5-0F52C319A520}.Release|Any CPU.ActiveCfg = Release|Any CPU
		{4ED674C9-B2B7-4BF2-99B5-0F52C319A520}.Release|Any CPU.Build.0 = Release|Any CPU
		{C2E484EA-6CDD-47DC-92A9-2A908892C031}.Debug|Any CPU.ActiveCfg = Debug|Any CPU
		{C2E484EA-6CDD-47DC-92A9-2A908892C031}.Debug|Any CPU.Build.0 = Debug|Any CPU
		{C2E484EA-6CDD-47DC-92A9-2A908892C031}.Release|Any CPU.ActiveCfg = Release|Any CPU
		{C2E484EA-6CDD-47DC-92A9-2A908892C031}.Release|Any CPU.Build.0 = Release|Any CPU
	EndGlobalSection
	GlobalSection(SolutionProperties) = preSolution
		HideSolutionNode = FALSE
	EndGlobalSection
	GlobalSection(ExtensibilityGlobals) = postSolution
		SolutionGuid = {37316002-AC4E-4084-BD05-AFB5F397FA3C}
	EndGlobalSection
EndGlobal
